
Microsoft Visual Studio Solution File, Format Version 12.00
# Visual Studio 14
VisualStudioVersion = 14.0.25420.1
MinimumVisualStudioVersion = 10.0.40219.1
Project("{8BC9CEB8-8B4A-11D0-8D11-00A0C91BC942}") = "FileMgr", "FileMgr\FileMgr.vcxproj", "{DDEE27FF-855E-4D10-AD7B-79CB8966EF13}"
EndProject
Project("{8BC9CEB8-8B4A-11D0-8D11-00A0C91BC942}") = "Logger", "Logger\Logger.vcxproj", "{66D2C764-9DA8-4505-B869-8E84E8968F7C}"
EndProject
Project("{8BC9CEB8-8B4A-11D0-8D11-00A0C91BC942}") = "Utilities", "Utilities\Utilities.vcxproj", "{462B43B2-8B13-4178-BF2A-903F76F1985C}"
EndProject
Project("{8BC9CEB8-8B4A-11D0-8D11-00A0C91BC942}") = "FileSystem", "FileSystem\FileSystem.vcxproj", "{04CB7A5F-7472-4F19-9EA9-00B80063658C}"
EndProject
Project("{8BC9CEB8-8B4A-11D0-8D11-00A0C91BC942}") = "Cpp11-BlockingQueue", "Cpp11-BlockingQueue\Cpp11-BlockingQueue.vcxproj", "{9EFC55B0-E8E8-443D-920F-C09D0AF54185}"
EndProject
Project("{8BC9CEB8-8B4A-11D0-8D11-00A0C91BC942}") = "CodePublisher", "CodePublisher\CodePublisher.vcxproj", "{7282BA2D-B5CC-4C87-BF7D-D9DD8B49654B}"
EndProject
Project("{8BC9CEB8-8B4A-11D0-8D11-00A0C91BC942}") = "zWindowsHelpers", "WindowsHelpers\zWindowsHelpers.vcxproj", "{3407BBC5-5BC7-4BD7-860D-CBC24715737B}"
EndProject
Project("{8BC9CEB8-8B4A-11D0-8D11-00A0C91BC942}") = "Sockets", "Sockets\Sockets.vcxproj", "{CA3129B8-1BF4-44C9-B116-53EC72D0BCCB}"
EndProject
Project("{8BC9CEB8-8B4A-11D0-8D11-00A0C91BC942}") = "HttpMessage", "HttpMessage\HttpMessage.vcxproj", "{3145A0F7-CEED-4551-A9F6-74AA9189BAAD}"
EndProject
Project("{8BC9CEB8-8B4A-11D0-8D11-00A0C91BC942}") = "MsgClient", "MsgClient\MsgClient.vcxproj", "{86C0AC06-2141-44AA-860E-51575230FAF2}"
EndProject
Project("{8BC9CEB8-8B4A-11D0-8D11-00A0C91BC942}") = "MsgServer", "MsgServer\MsgServer.vcxproj", "{DDD0F276-CFCF-4D2C-ABE0-0FCADEDC4E55}"
EndProject
Project("{8BC9CEB8-8B4A-11D0-8D11-00A0C91BC942}") = "CppCli-WPF-App", "CppCli-WPF-App\CppCli-WPF-App.vcxproj", "{9B64F370-F9F4-4EE7-87DC-31B469402E30}"
EndProject
Project("{8BC9CEB8-8B4A-11D0-8D11-00A0C91BC942}") = "MockChannel", "MockChannel\MockChannel.vcxproj", "{8A5B596C-C501-4CF0-AF7E-6E23F53B18BD}"
EndProject
Project("{8BC9CEB8-8B4A-11D0-8D11-00A0C91BC942}") = "DependencyAnalysisInclude", "DependencyAnalysisInclude\DependencyAnalysisInclude.vcxproj", "{8C44992A-18A3-4BC8-A69A-62D77314FE12}"
EndProject
Project("{8BC9CEB8-8B4A-11D0-8D11-00A0C91BC942}") = "TestExec", "TestExec\TestExec.vcxproj", "{91BBBD19-A708-4CA3-BBCB-8663CECE3777}"
EndProject
Global
	GlobalSection(SolutionConfigurationPlatforms) = preSolution
		Debug|Any CPU = Debug|Any CPU
		Debug|ARM = Debug|ARM
		Debug|x64 = Debug|x64
		Debug|x86 = Debug|x86
		Release|Any CPU = Release|Any CPU
		Release|ARM = Release|ARM
		Release|x64 = Release|x64
		Release|x86 = Release|x86
	EndGlobalSection
	GlobalSection(ProjectConfigurationPlatforms) = postSolution
		{DDEE27FF-855E-4D10-AD7B-79CB8966EF13}.Debug|Any CPU.ActiveCfg = Debug|Win32
		{DDEE27FF-855E-4D10-AD7B-79CB8966EF13}.Debug|ARM.ActiveCfg = Debug|Win32
		{DDEE27FF-855E-4D10-AD7B-79CB8966EF13}.Debug|x64.ActiveCfg = Debug|Win32
		{DDEE27FF-855E-4D10-AD7B-79CB8966EF13}.Debug|x64.Build.0 = Debug|Win32
		{DDEE27FF-855E-4D10-AD7B-79CB8966EF13}.Debug|x86.ActiveCfg = Debug|Win32
		{DDEE27FF-855E-4D10-AD7B-79CB8966EF13}.Debug|x86.Build.0 = Debug|Win32
		{DDEE27FF-855E-4D10-AD7B-79CB8966EF13}.Release|Any CPU.ActiveCfg = Release|Win32
		{DDEE27FF-855E-4D10-AD7B-79CB8966EF13}.Release|ARM.ActiveCfg = Release|Win32
		{DDEE27FF-855E-4D10-AD7B-79CB8966EF13}.Release|x64.ActiveCfg = Release|Win32
		{DDEE27FF-855E-4D10-AD7B-79CB8966EF13}.Release|x86.ActiveCfg = Release|Win32
		{DDEE27FF-855E-4D10-AD7B-79CB8966EF13}.Release|x86.Build.0 = Release|Win32
		{66D2C764-9DA8-4505-B869-8E84E8968F7C}.Debug|Any CPU.ActiveCfg = Debug|Win32
		{66D2C764-9DA8-4505-B869-8E84E8968F7C}.Debug|ARM.ActiveCfg = Debug|Win32
		{66D2C764-9DA8-4505-B869-8E84E8968F7C}.Debug|x64.ActiveCfg = Debug|x64
		{66D2C764-9DA8-4505-B869-8E84E8968F7C}.Debug|x64.Build.0 = Debug|x64
		{66D2C764-9DA8-4505-B869-8E84E8968F7C}.Debug|x86.ActiveCfg = Debug|Win32
		{66D2C764-9DA8-4505-B869-8E84E8968F7C}.Debug|x86.Build.0 = Debug|Win32
		{66D2C764-9DA8-4505-B869-8E84E8968F7C}.Release|Any CPU.ActiveCfg = Release|Win32
		{66D2C764-9DA8-4505-B869-8E84E8968F7C}.Release|ARM.ActiveCfg = Release|Win32
		{66D2C764-9DA8-4505-B869-8E84E8968F7C}.Release|x64.ActiveCfg = Release|x64
		{66D2C764-9DA8-4505-B869-8E84E8968F7C}.Release|x64.Build.0 = Release|x64
		{66D2C764-9DA8-4505-B869-8E84E8968F7C}.Release|x86.ActiveCfg = Release|Win32
		{66D2C764-9DA8-4505-B869-8E84E8968F7C}.Release|x86.Build.0 = Release|Win32
		{462B43B2-8B13-4178-BF2A-903F76F1985C}.Debug|Any CPU.ActiveCfg = Debug|Win32
		{462B43B2-8B13-4178-BF2A-903F76F1985C}.Debug|ARM.ActiveCfg = Debug|Win32
		{462B43B2-8B13-4178-BF2A-903F76F1985C}.Debug|x64.ActiveCfg = Debug|x64
		{462B43B2-8B13-4178-BF2A-903F76F1985C}.Debug|x64.Build.0 = Debug|x64
		{462B43B2-8B13-4178-BF2A-903F76F1985C}.Debug|x86.ActiveCfg = Debug|Win32
		{462B43B2-8B13-4178-BF2A-903F76F1985C}.Debug|x86.Build.0 = Debug|Win32
		{462B43B2-8B13-4178-BF2A-903F76F1985C}.Release|Any CPU.ActiveCfg = Release|Win32
		{462B43B2-8B13-4178-BF2A-903F76F1985C}.Release|ARM.ActiveCfg = Release|Win32
		{462B43B2-8B13-4178-BF2A-903F76F1985C}.Release|x64.ActiveCfg = Release|x64
		{462B43B2-8B13-4178-BF2A-903F76F1985C}.Release|x64.Build.0 = Release|x64
		{462B43B2-8B13-4178-BF2A-903F76F1985C}.Release|x86.ActiveCfg = Release|Win32
		{462B43B2-8B13-4178-BF2A-903F76F1985C}.Release|x86.Build.0 = Release|Win32
		{04CB7A5F-7472-4F19-9EA9-00B80063658C}.Debug|Any CPU.ActiveCfg = Debug|Win32
		{04CB7A5F-7472-4F19-9EA9-00B80063658C}.Debug|ARM.ActiveCfg = Debug|Win32
		{04CB7A5F-7472-4F19-9EA9-00B80063658C}.Debug|x64.ActiveCfg = Debug|x64
		{04CB7A5F-7472-4F19-9EA9-00B80063658C}.Debug|x64.Build.0 = Debug|x64
		{04CB7A5F-7472-4F19-9EA9-00B80063658C}.Debug|x86.ActiveCfg = Debug|Win32
		{04CB7A5F-7472-4F19-9EA9-00B80063658C}.Debug|x86.Build.0 = Debug|Win32
		{04CB7A5F-7472-4F19-9EA9-00B80063658C}.Release|Any CPU.ActiveCfg = Release|Win32
		{04CB7A5F-7472-4F19-9EA9-00B80063658C}.Release|ARM.ActiveCfg = Release|Win32
		{04CB7A5F-7472-4F19-9EA9-00B80063658C}.Release|x64.ActiveCfg = Release|x64
		{04CB7A5F-7472-4F19-9EA9-00B80063658C}.Release|x64.Build.0 = Release|x64
		{04CB7A5F-7472-4F19-9EA9-00B80063658C}.Release|x86.ActiveCfg = Release|Win32
		{04CB7A5F-7472-4F19-9EA9-00B80063658C}.Release|x86.Build.0 = Release|Win32
		{9EFC55B0-E8E8-443D-920F-C09D0AF54185}.Debug|Any CPU.ActiveCfg = Debug|Win32
		{9EFC55B0-E8E8-443D-920F-C09D0AF54185}.Debug|ARM.ActiveCfg = Debug|Win32
		{9EFC55B0-E8E8-443D-920F-C09D0AF54185}.Debug|x64.ActiveCfg = Debug|x64
		{9EFC55B0-E8E8-443D-920F-C09D0AF54185}.Debug|x64.Build.0 = Debug|x64
		{9EFC55B0-E8E8-443D-920F-C09D0AF54185}.Debug|x86.ActiveCfg = Debug|Win32
		{9EFC55B0-E8E8-443D-920F-C09D0AF54185}.Debug|x86.Build.0 = Debug|Win32
		{9EFC55B0-E8E8-443D-920F-C09D0AF54185}.Release|Any CPU.ActiveCfg = Release|Win32
		{9EFC55B0-E8E8-443D-920F-C09D0AF54185}.Release|ARM.ActiveCfg = Release|Win32
		{9EFC55B0-E8E8-443D-920F-C09D0AF54185}.Release|x64.ActiveCfg = Release|x64
		{9EFC55B0-E8E8-443D-920F-C09D0AF54185}.Release|x64.Build.0 = Release|x64
		{9EFC55B0-E8E8-443D-920F-C09D0AF54185}.Release|x86.ActiveCfg = Release|Win32
		{9EFC55B0-E8E8-443D-920F-C09D0AF54185}.Release|x86.Build.0 = Release|Win32
		{7282BA2D-B5CC-4C87-BF7D-D9DD8B49654B}.Debug|Any CPU.ActiveCfg = Debug|Win32
		{7282BA2D-B5CC-4C87-BF7D-D9DD8B49654B}.Debug|ARM.ActiveCfg = Debug|Win32
		{7282BA2D-B5CC-4C87-BF7D-D9DD8B49654B}.Debug|x64.ActiveCfg = Debug|x64
		{7282BA2D-B5CC-4C87-BF7D-D9DD8B49654B}.Debug|x64.Build.0 = Debug|x64
		{7282BA2D-B5CC-4C87-BF7D-D9DD8B49654B}.Debug|x86.ActiveCfg = Debug|Win32
		{7282BA2D-B5CC-4C87-BF7D-D9DD8B49654B}.Debug|x86.Build.0 = Debug|Win32
		{7282BA2D-B5CC-4C87-BF7D-D9DD8B49654B}.Release|Any CPU.ActiveCfg = Release|Win32
		{7282BA2D-B5CC-4C87-BF7D-D9DD8B49654B}.Release|ARM.ActiveCfg = Release|Win32
		{7282BA2D-B5CC-4C87-BF7D-D9DD8B49654B}.Release|x64.ActiveCfg = Release|x64
		{7282BA2D-B5CC-4C87-BF7D-D9DD8B49654B}.Release|x64.Build.0 = Release|x64
		{7282BA2D-B5CC-4C87-BF7D-D9DD8B49654B}.Release|x86.ActiveCfg = Release|Win32
		{7282BA2D-B5CC-4C87-BF7D-D9DD8B49654B}.Release|x86.Build.0 = Release|Win32
		{3407BBC5-5BC7-4BD7-860D-CBC24715737B}.Debug|Any CPU.ActiveCfg = Debug|Win32
		{3407BBC5-5BC7-4BD7-860D-CBC24715737B}.Debug|ARM.ActiveCfg = Debug|Win32
		{3407BBC5-5BC7-4BD7-860D-CBC24715737B}.Debug|x64.ActiveCfg = Debug|Win32
		{3407BBC5-5BC7-4BD7-860D-CBC24715737B}.Debug|x86.ActiveCfg = Debug|Win32
		{3407BBC5-5BC7-4BD7-860D-CBC24715737B}.Debug|x86.Build.0 = Debug|Win32
		{3407BBC5-5BC7-4BD7-860D-CBC24715737B}.Release|Any CPU.ActiveCfg = Release|Win32
		{3407BBC5-5BC7-4BD7-860D-CBC24715737B}.Release|ARM.ActiveCfg = Release|Win32
		{3407BBC5-5BC7-4BD7-860D-CBC24715737B}.Release|x64.ActiveCfg = Release|Win32
		{3407BBC5-5BC7-4BD7-860D-CBC24715737B}.Release|x86.ActiveCfg = Release|Win32
		{3407BBC5-5BC7-4BD7-860D-CBC24715737B}.Release|x86.Build.0 = Release|Win32
		{CA3129B8-1BF4-44C9-B116-53EC72D0BCCB}.Debug|Any CPU.ActiveCfg = Debug|Win32
		{CA3129B8-1BF4-44C9-B116-53EC72D0BCCB}.Debug|ARM.ActiveCfg = Debug|Win32
		{CA3129B8-1BF4-44C9-B116-53EC72D0BCCB}.Debug|x64.ActiveCfg = Debug|Win32
		{CA3129B8-1BF4-44C9-B116-53EC72D0BCCB}.Debug|x86.ActiveCfg = Debug|Win32
		{CA3129B8-1BF4-44C9-B116-53EC72D0BCCB}.Debug|x86.Build.0 = Debug|Win32
		{CA3129B8-1BF4-44C9-B116-53EC72D0BCCB}.Release|Any CPU.ActiveCfg = Release|Win32
		{CA3129B8-1BF4-44C9-B116-53EC72D0BCCB}.Release|ARM.ActiveCfg = Release|Win32
		{CA3129B8-1BF4-44C9-B116-53EC72D0BCCB}.Release|x64.ActiveCfg = Release|Win32
		{CA3129B8-1BF4-44C9-B116-53EC72D0BCCB}.Release|x86.ActiveCfg = Release|Win32
		{CA3129B8-1BF4-44C9-B116-53EC72D0BCCB}.Release|x86.Build.0 = Release|Win32
		{3145A0F7-CEED-4551-A9F6-74AA9189BAAD}.Debug|Any CPU.ActiveCfg = Debug|Win32
		{3145A0F7-CEED-4551-A9F6-74AA9189BAAD}.Debug|ARM.ActiveCfg = Debug|Win32
		{3145A0F7-CEED-4551-A9F6-74AA9189BAAD}.Debug|x64.ActiveCfg = Debug|x64
		{3145A0F7-CEED-4551-A9F6-74AA9189BAAD}.Debug|x64.Build.0 = Debug|x64
		{3145A0F7-CEED-4551-A9F6-74AA9189BAAD}.Debug|x86.ActiveCfg = Debug|Win32
		{3145A0F7-CEED-4551-A9F6-74AA9189BAAD}.Debug|x86.Build.0 = Debug|Win32
		{3145A0F7-CEED-4551-A9F6-74AA9189BAAD}.Release|Any CPU.ActiveCfg = Release|Win32
		{3145A0F7-CEED-4551-A9F6-74AA9189BAAD}.Release|ARM.ActiveCfg = Release|Win32
		{3145A0F7-CEED-4551-A9F6-74AA9189BAAD}.Release|x64.ActiveCfg = Release|x64
		{3145A0F7-CEED-4551-A9F6-74AA9189BAAD}.Release|x64.Build.0 = Release|x64
		{3145A0F7-CEED-4551-A9F6-74AA9189BAAD}.Release|x86.ActiveCfg = Release|Win32
		{3145A0F7-CEED-4551-A9F6-74AA9189BAAD}.Release|x86.Build.0 = Release|Win32
		{86C0AC06-2141-44AA-860E-51575230FAF2}.Debug|Any CPU.ActiveCfg = Debug|Win32
		{86C0AC06-2141-44AA-860E-51575230FAF2}.Debug|ARM.ActiveCfg = Debug|Win32
		{86C0AC06-2141-44AA-860E-51575230FAF2}.Debug|x64.ActiveCfg = Debug|x64
		{86C0AC06-2141-44AA-860E-51575230FAF2}.Debug|x64.Build.0 = Debug|x64
		{86C0AC06-2141-44AA-860E-51575230FAF2}.Debug|x86.ActiveCfg = Debug|Win32
		{86C0AC06-2141-44AA-860E-51575230FAF2}.Debug|x86.Build.0 = Debug|Win32
		{86C0AC06-2141-44AA-860E-51575230FAF2}.Release|Any CPU.ActiveCfg = Release|Win32
		{86C0AC06-2141-44AA-860E-51575230FAF2}.Release|ARM.ActiveCfg = Release|Win32
		{86C0AC06-2141-44AA-860E-51575230FAF2}.Release|x64.ActiveCfg = Release|x64
		{86C0AC06-2141-44AA-860E-51575230FAF2}.Release|x64.Build.0 = Release|x64
		{86C0AC06-2141-44AA-860E-51575230FAF2}.Release|x86.ActiveCfg = Release|Win32
		{86C0AC06-2141-44AA-860E-51575230FAF2}.Release|x86.Build.0 = Release|Win32
		{DDD0F276-CFCF-4D2C-ABE0-0FCADEDC4E55}.Debug|Any CPU.ActiveCfg = Debug|Win32
		{DDD0F276-CFCF-4D2C-ABE0-0FCADEDC4E55}.Debug|ARM.ActiveCfg = Debug|Win32
		{DDD0F276-CFCF-4D2C-ABE0-0FCADEDC4E55}.Debug|x64.ActiveCfg = Debug|x64
		{DDD0F276-CFCF-4D2C-ABE0-0FCADEDC4E55}.Debug|x64.Build.0 = Debug|x64
		{DDD0F276-CFCF-4D2C-ABE0-0FCADEDC4E55}.Debug|x86.ActiveCfg = Debug|Win32
		{DDD0F276-CFCF-4D2C-ABE0-0FCADEDC4E55}.Debug|x86.Build.0 = Debug|Win32
		{DDD0F276-CFCF-4D2C-ABE0-0FCADEDC4E55}.Release|Any CPU.ActiveCfg = Release|Win32
		{DDD0F276-CFCF-4D2C-ABE0-0FCADEDC4E55}.Release|ARM.ActiveCfg = Release|Win32
		{DDD0F276-CFCF-4D2C-ABE0-0FCADEDC4E55}.Release|x64.ActiveCfg = Release|x64
		{DDD0F276-CFCF-4D2C-ABE0-0FCADEDC4E55}.Release|x64.Build.0 = Release|x64
		{DDD0F276-CFCF-4D2C-ABE0-0FCADEDC4E55}.Release|x86.ActiveCfg = Release|Win32
		{DDD0F276-CFCF-4D2C-ABE0-0FCADEDC4E55}.Release|x86.Build.0 = Release|Win32
		{9B64F370-F9F4-4EE7-87DC-31B469402E30}.Debug|Any CPU.ActiveCfg = Debug|Win32
		{9B64F370-F9F4-4EE7-87DC-31B469402E30}.Debug|ARM.ActiveCfg = Debug|Win32
		{9B64F370-F9F4-4EE7-87DC-31B469402E30}.Debug|x64.ActiveCfg = Debug|Win32
		{9B64F370-F9F4-4EE7-87DC-31B469402E30}.Debug|x86.ActiveCfg = Debug|Win32
		{9B64F370-F9F4-4EE7-87DC-31B469402E30}.Debug|x86.Build.0 = Debug|Win32
		{9B64F370-F9F4-4EE7-87DC-31B469402E30}.Release|Any CPU.ActiveCfg = Release|Win32
		{9B64F370-F9F4-4EE7-87DC-31B469402E30}.Release|ARM.ActiveCfg = Release|Win32
		{9B64F370-F9F4-4EE7-87DC-31B469402E30}.Release|x64.ActiveCfg = Release|Win32
		{9B64F370-F9F4-4EE7-87DC-31B469402E30}.Release|x86.ActiveCfg = Release|Win32
		{9B64F370-F9F4-4EE7-87DC-31B469402E30}.Release|x86.Build.0 = Release|Win32
		{8A5B596C-C501-4CF0-AF7E-6E23F53B18BD}.Debug|Any CPU.ActiveCfg = Debug|Win32
		{8A5B596C-C501-4CF0-AF7E-6E23F53B18BD}.Debug|ARM.ActiveCfg = Debug|Win32
		{8A5B596C-C501-4CF0-AF7E-6E23F53B18BD}.Debug|x64.ActiveCfg = Debug|Win32
		{8A5B596C-C501-4CF0-AF7E-6E23F53B18BD}.Debug|x86.ActiveCfg = Debug|Win32
		{8A5B596C-C501-4CF0-AF7E-6E23F53B18BD}.Debug|x86.Build.0 = Debug|Win32
		{8A5B596C-C501-4CF0-AF7E-6E23F53B18BD}.Release|Any CPU.ActiveCfg = Release|Win32
		{8A5B596C-C501-4CF0-AF7E-6E23F53B18BD}.Release|ARM.ActiveCfg = Release|Win32
		{8A5B596C-C501-4CF0-AF7E-6E23F53B18BD}.Release|x64.ActiveCfg = Release|Win32
		{8A5B596C-C501-4CF0-AF7E-6E23F53B18BD}.Release|x86.ActiveCfg = Release|Win32
		{8A5B596C-C501-4CF0-AF7E-6E23F53B18BD}.Release|x86.Build.0 = Release|Win32
		{8C44992A-18A3-4BC8-A69A-62D77314FE12}.Debug|Any CPU.ActiveCfg = Debug|Win32
		{8C44992A-18A3-4BC8-A69A-62D77314FE12}.Debug|ARM.ActiveCfg = Debug|Win32
		{8C44992A-18A3-4BC8-A69A-62D77314FE12}.Debug|x64.ActiveCfg = Debug|x64
		{8C44992A-18A3-4BC8-A69A-62D77314FE12}.Debug|x64.Build.0 = Debug|x64
		{8C44992A-18A3-4BC8-A69A-62D77314FE12}.Debug|x86.ActiveCfg = Debug|Win32
		{8C44992A-18A3-4BC8-A69A-62D77314FE12}.Debug|x86.Build.0 = Debug|Win32
		{8C44992A-18A3-4BC8-A69A-62D77314FE12}.Release|Any CPU.ActiveCfg = Release|Win32
		{8C44992A-18A3-4BC8-A69A-62D77314FE12}.Release|ARM.ActiveCfg = Release|Win32
		{8C44992A-18A3-4BC8-A69A-62D77314FE12}.Release|x64.ActiveCfg = Release|x64
		{8C44992A-18A3-4BC8-A69A-62D77314FE12}.Release|x64.Build.0 = Release|x64
		{8C44992A-18A3-4BC8-A69A-62D77314FE12}.Release|x86.ActiveCfg = Release|Win32
		{8C44992A-18A3-4BC8-A69A-62D77314FE12}.Release|x86.Build.0 = Release|Win32
		{91BBBD19-A708-4CA3-BBCB-8663CECE3777}.Debug|Any CPU.ActiveCfg = Debug|Win32
		{91BBBD19-A708-4CA3-BBCB-8663CECE3777}.Debug|ARM.ActiveCfg = Debug|Win32
		{91BBBD19-A708-4CA3-BBCB-8663CECE3777}.Debug|x64.ActiveCfg = Debug|x64
		{91BBBD19-A708-4CA3-BBCB-8663CECE3777}.Debug|x64.Build.0 = Debug|x64
		{91BBBD19-A708-4CA3-BBCB-8663CECE3777}.Debug|x86.ActiveCfg = Debug|Win32
		{91BBBD19-A708-4CA3-BBCB-8663CECE3777}.Debug|x86.Build.0 = Debug|Win32
		{91BBBD19-A708-4CA3-BBCB-8663CECE3777}.Release|Any CPU.ActiveCfg = Release|Win32
		{91BBBD19-A708-4CA3-BBCB-8663CECE3777}.Release|ARM.ActiveCfg = Release|Win32
		{91BBBD19-A708-4CA3-BBCB-8663CECE3777}.Release|x64.ActiveCfg = Release|x64
		{91BBBD19-A708-4CA3-BBCB-8663CECE3777}.Release|x64.Build.0 = Release|x64
		{91BBBD19-A708-4CA3-BBCB-8663CECE3777}.Release|x86.ActiveCfg = Release|Win32
		{91BBBD19-A708-4CA3-BBCB-8663CECE3777}.Release|x86.Build.0 = Release|Win32
	EndGlobalSection
	GlobalSection(SolutionProperties) = preSolution
		HideSolutionNode = FALSE
	EndGlobalSection
EndGlobal
